
Microsoft Visual Studio Solution File, Format Version 11.00
# Visual Studio 2010
Project("{8BC9CEB8-8B4A-11D0-8D11-00A0C91BC942}") = "AutoPlotter1", "AutoPlotter1\AutoPlotter1.vcxproj", "{7A50DE4E-3214-4690-BF16-BF3EFBAC94E4}"
EndProject
Project("{8BC9CEB8-8B4A-11D0-8D11-00A0C91BC942}") = "AutoPlotter2", "AutoPlotter2\AutoPlotter2.vcxproj", "{87DA7F9C-E76E-46A3-BF0F-3F377FD383AA}"
EndProject
Global
	GlobalSection(SolutionConfigurationPlatforms) = preSolution
		Debug|Win32 = Debug|Win32
		Release|Win32 = Release|Win32
	EndGlobalSection
	GlobalSection(ProjectConfigurationPlatforms) = postSolution
		{7A50DE4E-3214-4690-BF16-BF3EFBAC94E4}.Debug|Win32.ActiveCfg = Debug|Win32
		{7A50DE4E-3214-4690-BF16-BF3EFBAC94E4}.Debug|Win32.Build.0 = Debug|Win32
		{7A50DE4E-3214-4690-BF16-BF3EFBAC94E4}.Release|Win32.ActiveCfg = Release|Win32
		{7A50DE4E-3214-4690-BF16-BF3EFBAC94E4}.Release|Win32.Build.0 = Release|Win32
		{87DA7F9C-E76E-46A3-BF0F-3F377FD383AA}.Debug|Win32.ActiveCfg = Debug|Win32
		{87DA7F9C-E76E-46A3-BF0F-3F377FD383AA}.Debug|Win32.Build.0 = Debug|Win32
		{87DA7F9C-E76E-46A3-BF0F-3F377FD383AA}.Release|Win32.ActiveCfg = Release|Win32
		{87DA7F9C-E76E-46A3-BF0F-3F377FD383AA}.Release|Win32.Build.0 = Release|Win32
	EndGlobalSection
	GlobalSection(SolutionProperties) = preSolution
		HideSolutionNode = FALSE
	EndGlobalSection
EndGlobal
